
Microsoft Visual Studio Solution File, Format Version 12.00
# Visual Studio 2012
Project("{8BC9CEB8-8B4A-11D0-8D11-00A0C91BC942}") = "BinarySearch", "BinarySearch\BinarySearch.vcxproj", "{877D9AF7-B447-45F6-9153-0C8238BD2B84}"
EndProject
Global
	GlobalSection(SolutionConfigurationPlatforms) = preSolution
		Debug|Win32 = Debug|Win32
		Release|Win32 = Release|Win32
	EndGlobalSection
	GlobalSection(ProjectConfigurationPlatforms) = postSolution
		{877D9AF7-B447-45F6-9153-0C8238BD2B84}.Debug|Win32.ActiveCfg = Debug|Win32
		{877D9AF7-B447-45F6-9153-0C8238BD2B84}.Debug|Win32.Build.0 = Debug|Win32
		{877D9AF7-B447-45F6-9153-0C8238BD2B84}.Release|Win32.ActiveCfg = Release|Win32
		{877D9AF7-B447-45F6-9153-0C8238BD2B84}.Release|Win32.Build.0 = Release|Win32
	EndGlobalSection
	GlobalSection(SolutionProperties) = preSolution
		HideSolutionNode = FALSE
	EndGlobalSection
EndGlobal
